# This file is autogenerated, do not edit; changes may be undone by the next 'dep ensure'.


[[projects]]
  name = "github.com/go-chi/chi"
  packages = ["."]
  revision = "f7c66f685bcab06bcce78ac212c5f3553c063d19"
  version = "v3.3.0"

[[projects]]
  branch = "master"
  name = "github.com/pkg/errors"
  packages = ["."]
  revision = "f15c970de5b76fac0b59abb32d62c17cc7bed265"

[solve-meta]
  analyzer-name = "dep"
  analyzer-version = 1
  inputs-digest = "f0c237fbeb71da9e43a807133ddca1be2ea2e8937ab2fed7ecda7db9c3229783"
  solver-name = "gps-cdcl"
  solver-version = 1
